schema: '2.0'
stages:
  data_ingestion:
    cmd: python src/data_ingestion.py
    deps:
    - path: src/data_ingestion.py
      hash: md5
      md5: 204cf56e75028303d679eba038079140
      size: 3426
    params:
      params.yaml:
        data_ingestion.test_size: 0.28
    outs:
    - path: data/raw
      hash: md5
      md5: 94f3a86ab6b1efb9b8eaa07a25ddcbaf.dir
      size: 479272
      nfiles: 2
  data_preprocessing:
    cmd: python src/data_preprocessing.py
    deps:
    - path: data/raw
      hash: md5
      md5: 94f3a86ab6b1efb9b8eaa07a25ddcbaf.dir
      size: 479272
      nfiles: 2
    - path: src/data_preprocessing.py
      hash: md5
      md5: 3960b3b1af9ef5b53792b39b7e80d633
      size: 3816
    outs:
    - path: data/interim
      hash: md5
      md5: ffdb9c6dbd0329b8750f8e8c1da3db98.dir
      size: 256946
      nfiles: 2
  feature_engineering:
    cmd: python src/feature_engineering.py
    deps:
    - path: data/interim
      hash: md5
      md5: ffdb9c6dbd0329b8750f8e8c1da3db98.dir
      size: 256946
      nfiles: 2
    - path: src/feature_engineering.py
      hash: md5
      md5: 51dc9ba79c1ed34dc73f950a83a99164
      size: 3662
    params:
      params.yaml:
        feature_engineering.max_features: 38
    outs:
    - path: data/processed
      hash: md5
      md5: 3a73478323f78ddcaa7a692642e95d24.dir
      size: 903928
      nfiles: 2
  model_building:
    cmd: python src/model_building.py
    deps:
    - path: data/processed
      hash: md5
      md5: 3a73478323f78ddcaa7a692642e95d24.dir
      size: 903928
      nfiles: 2
    - path: src/model_building.py
      hash: md5
      md5: cf3f2fd586f72a8e8d6bb45646293c35
      size: 4217
    params:
      params.yaml:
        model_building.n_estimators: 24
        model_building.random_state: 2
    outs:
    - path: model/model.pkl
      hash: md5
      md5: 27dec03ea1568d0033aaccf3431377a6
      size: 727835
  model_evaluation:
    cmd: python src/model_evaluation.py
    deps:
    - path: model/model.pkl
      hash: md5
      md5: 27dec03ea1568d0033aaccf3431377a6
      size: 727835
    - path: src/model_evaluation.py
      hash: md5
      md5: 7242916649b614e521709896b1d69827
      size: 4386
    outs:
    - path: reports/metrics.json
      hash: md5
      md5: 541ad9d6077b6c91ca62fd8efb0f271c
      size: 140
