schema: '2.0'
stages:
  data_ingestion:
    cmd: python src/data_ingestion.py
    deps:
    - path: src/data_ingestion.py
      hash: md5
      md5: 204cf56e75028303d679eba038079140
      size: 3426
    params:
      params.yaml:
        data_ingestion.test_size: 0.25
    outs:
    - path: data/raw
      hash: md5
      md5: ea483c1ec6438ed134abbb077e6bf258.dir
      size: 479272
      nfiles: 2
  data_preprocessing:
    cmd: python src/data_preprocessing.py
    deps:
    - path: data/raw
      hash: md5
      md5: ea483c1ec6438ed134abbb077e6bf258.dir
      size: 479272
      nfiles: 2
    - path: src/data_preprocessing.py
      hash: md5
      md5: 3960b3b1af9ef5b53792b39b7e80d633
      size: 3816
    outs:
    - path: data/interim
      hash: md5
      md5: c101c05da7d2c3c01faa316de93a39ac.dir
      size: 256164
      nfiles: 2
  feature_engineering:
    cmd: python src/feature_engineering.py
    deps:
    - path: data/interim
      hash: md5
      md5: c101c05da7d2c3c01faa316de93a39ac.dir
      size: 256164
      nfiles: 2
    - path: src/feature_engineering.py
      hash: md5
      md5: 51dc9ba79c1ed34dc73f950a83a99164
      size: 3662
    params:
      params.yaml:
        feature_engineering.max_features: 40
    outs:
    - path: data/processed
      hash: md5
      md5: d4fa4141ed23bba0b3970552d6155de0.dir
      size: 948482
      nfiles: 2
  model_building:
    cmd: python src/model_building.py
    deps:
    - path: data/processed
      hash: md5
      md5: d4fa4141ed23bba0b3970552d6155de0.dir
      size: 948482
      nfiles: 2
    - path: src/model_building.py
      hash: md5
      md5: cf3f2fd586f72a8e8d6bb45646293c35
      size: 4217
    params:
      params.yaml:
        model_building.n_estimators: 25
        model_building.random_state: 2
    outs:
    - path: model/model.pkl
      hash: md5
      md5: cdf37d8f24fd297f02a5072ab0926070
      size: 821360
  model_evaluation:
    cmd: python src/model_evaluation.py
    deps:
    - path: model/model.pkl
      hash: md5
      md5: cdf37d8f24fd297f02a5072ab0926070
      size: 821360
    - path: src/model_evaluation.py
      hash: md5
      md5: 7242916649b614e521709896b1d69827
      size: 4386
    outs:
    - path: reports/metrics.json
      hash: md5
      md5: d115983190bea73f505ad3edde64000a
      size: 139
